
Microsoft Visual Studio Solution File, Format Version 12.00
# Visual Studio Version 16
VisualStudioVersion = 16.0.29326.143
MinimumVisualStudioVersion = 10.0.40219.1
Project("{9A19103F-16F7-4668-BE54-9A1E7A4F7556}") = "SchemaGenerator", "SchemaGenerator\SchemaGenerator.csproj", "{36701E67-3A12-44E5-A67F-06A42EE49A89}"
EndProject
Project("{9A19103F-16F7-4668-BE54-9A1E7A4F7556}") = "ExampleDbLib", "ExampleDbLib\ExampleDbLib.csproj", "{27B3EE69-3819-425A-911D-6E870FF1AAFD}"
EndProject
Global
	GlobalSection(SolutionConfigurationPlatforms) = preSolution
		Debug|Any CPU = Debug|Any CPU
		Release|Any CPU = Release|Any CPU
	EndGlobalSection
	GlobalSection(ProjectConfigurationPlatforms) = postSolution
		{36701E67-3A12-44E5-A67F-06A42EE49A89}.Debug|Any CPU.ActiveCfg = Debug|Any CPU
		{36701E67-3A12-44E5-A67F-06A42EE49A89}.Debug|Any CPU.Build.0 = Debug|Any CPU
		{36701E67-3A12-44E5-A67F-06A42EE49A89}.Release|Any CPU.ActiveCfg = Release|Any CPU
		{36701E67-3A12-44E5-A67F-06A42EE49A89}.Release|Any CPU.Build.0 = Release|Any CPU
		{27B3EE69-3819-425A-911D-6E870FF1AAFD}.Debug|Any CPU.ActiveCfg = Debug|Any CPU
		{27B3EE69-3819-425A-911D-6E870FF1AAFD}.Debug|Any CPU.Build.0 = Debug|Any CPU
		{27B3EE69-3819-425A-911D-6E870FF1AAFD}.Release|Any CPU.ActiveCfg = Release|Any CPU
		{27B3EE69-3819-425A-911D-6E870FF1AAFD}.Release|Any CPU.Build.0 = Release|Any CPU
	EndGlobalSection
	GlobalSection(SolutionProperties) = preSolution
		HideSolutionNode = FALSE
	EndGlobalSection
	GlobalSection(ExtensibilityGlobals) = postSolution
		SolutionGuid = {38B25A11-D1D0-489A-9F45-B177295FAFC2}
	EndGlobalSection
EndGlobal
